
Microsoft Visual Studio Solution File, Format Version 12.00
# Visual Studio 15
VisualStudioVersion = 15.0.28307.271
MinimumVisualStudioVersion = 10.0.40219.1
Project("{FAE04EC0-301F-11D3-BF4B-00C04F79EFBC}") = "WebApplication1", "WebApplication1\WebApplication1.csproj", "{0A0ACD0E-5044-40A4-A9A4-B2C0F8A3A891}"
EndProject
Global
	GlobalSection(SolutionConfigurationPlatforms) = preSolution
		Debug|Any CPU = Debug|Any CPU
		Release|Any CPU = Release|Any CPU
	EndGlobalSection
	GlobalSection(ProjectConfigurationPlatforms) = postSolution
		{0A0ACD0E-5044-40A4-A9A4-B2C0F8A3A891}.Debug|Any CPU.ActiveCfg = Debug|Any CPU
		{0A0ACD0E-5044-40A4-A9A4-B2C0F8A3A891}.Debug|Any CPU.Build.0 = Debug|Any CPU
		{0A0ACD0E-5044-40A4-A9A4-B2C0F8A3A891}.Release|Any CPU.ActiveCfg = Release|Any CPU
		{0A0ACD0E-5044-40A4-A9A4-B2C0F8A3A891}.Release|Any CPU.Build.0 = Release|Any CPU
	EndGlobalSection
	GlobalSection(SolutionProperties) = preSolution
		HideSolutionNode = FALSE
	EndGlobalSection
	GlobalSection(ExtensibilityGlobals) = postSolution
		SolutionGuid = {F5DB766D-9553-4EAD-A80A-AA28B7690A69}
	EndGlobalSection
EndGlobal
